
Microsoft Visual Studio Solution File, Format Version 12.00
# Visual Studio Version 16
VisualStudioVersion = 16.0.29209.152
MinimumVisualStudioVersion = 10.0.40219.1
Project("{FAE04EC0-301F-11D3-BF4B-00C04F79EFBC}") = "Bifröst.Core", "Bifröst.Core\Bifröst.Core.csproj", "{EFE81736-402E-4E01-A5BB-EE975CB22536}"
EndProject
Project("{FAE04EC0-301F-11D3-BF4B-00C04F79EFBC}") = "Bifröst.Core.Tests", "Bifröst.Core.Tests\Bifröst.Core.Tests.csproj", "{13BC9A34-FCCC-4C38-AB80-F75272601F89}"
EndProject
Project("{FAE04EC0-301F-11D3-BF4B-00C04F79EFBC}") = "Bifröst.Benchmarking", "Bifröst.Benchmarking\Bifröst.Benchmarking.csproj", "{6B83DE4D-6E6C-44C9-8BDC-2F97F42933BC}"
EndProject
Global
	GlobalSection(SolutionConfigurationPlatforms) = preSolution
		Debug|Any CPU = Debug|Any CPU
		Release|Any CPU = Release|Any CPU
	EndGlobalSection
	GlobalSection(ProjectConfigurationPlatforms) = postSolution
		{EFE81736-402E-4E01-A5BB-EE975CB22536}.Debug|Any CPU.ActiveCfg = Debug|Any CPU
		{EFE81736-402E-4E01-A5BB-EE975CB22536}.Debug|Any CPU.Build.0 = Debug|Any CPU
		{EFE81736-402E-4E01-A5BB-EE975CB22536}.Release|Any CPU.ActiveCfg = Release|Any CPU
		{EFE81736-402E-4E01-A5BB-EE975CB22536}.Release|Any CPU.Build.0 = Release|Any CPU
		{13BC9A34-FCCC-4C38-AB80-F75272601F89}.Debug|Any CPU.ActiveCfg = Debug|Any CPU
		{13BC9A34-FCCC-4C38-AB80-F75272601F89}.Debug|Any CPU.Build.0 = Debug|Any CPU
		{13BC9A34-FCCC-4C38-AB80-F75272601F89}.Release|Any CPU.ActiveCfg = Release|Any CPU
		{13BC9A34-FCCC-4C38-AB80-F75272601F89}.Release|Any CPU.Build.0 = Release|Any CPU
		{6B83DE4D-6E6C-44C9-8BDC-2F97F42933BC}.Debug|Any CPU.ActiveCfg = Debug|Any CPU
		{6B83DE4D-6E6C-44C9-8BDC-2F97F42933BC}.Debug|Any CPU.Build.0 = Debug|Any CPU
		{6B83DE4D-6E6C-44C9-8BDC-2F97F42933BC}.Release|Any CPU.ActiveCfg = Release|Any CPU
		{6B83DE4D-6E6C-44C9-8BDC-2F97F42933BC}.Release|Any CPU.Build.0 = Release|Any CPU
	EndGlobalSection
	GlobalSection(SolutionProperties) = preSolution
		HideSolutionNode = FALSE
	EndGlobalSection
	GlobalSection(ExtensibilityGlobals) = postSolution
		SolutionGuid = {CD619F5E-B92B-4B34-A6A3-03FB8559E056}
	EndGlobalSection
EndGlobal
